NeoBundleLock Dockerfile.vim fd2219a8b9772a8d5ebd80f9214f8c76ba6afb4f
NeoBundleLock Spacegray.vim 1c10d0da045609910e8fb03b33c043bbcff35d9e
NeoBundleLock clang_complete 2289f34cbea9765fbb2e82f5c53c53ecc8b60571
NeoBundleLock current-func-info.vim e8e5b191b16d9903a933382a19d33a13be1c5257
NeoBundleLock editorconfig-vim 5a3f8ac348e093125e839f6637f8cd34e10a5146
NeoBundleLock emmet-vim 0ccaa29dbde268888be21705b0de5de89b59ef48
NeoBundleLock eskk.vim 7224b4f0d4a9fbf65d1d50cb1674e3c7ae0a7e39
NeoBundleLock foldCC 2ca2ae57d6a69bc73fc91864f5a3acf9d81d5798
NeoBundleLock ghci-vim 1635111389a11bace9751f8386ad8931a023e42b
NeoBundleLock gruvbox 3f228101cdd5ae818415c7ebbcb42078c2476ea3
NeoBundleLock h2u_colorscheme 4fa5bc0c0749f3fbbbcde6219b51e21f532e555c
NeoBundleLock hatena-vim 5ae3f731be59ab13ae1c70c2ab1c7f88ab2c1bdb
NeoBundleLock html5.vim ad38231df6845562f569512fd250c5660aadeb64
NeoBundleLock incsearch.vim a4ff1747661b22e1d743fe51c66b8d79909f86ce
NeoBundleLock indentLine 9cb94e17354d98d6fb4f59b243144d4d34d0b654
NeoBundleLock jellybeans.vim f931895c20681684278aef2ffd810730b9c36ec3
NeoBundleLock lightline.vim 6c64730b04d82f2eeb4c11cc907bf17c13543a93
NeoBundleLock matchit 060d9d8aa381d6a650b649d38c992b59db3ed1a3
NeoBundleLock neobundle.vim 08a64dc297ab30a93fee14082f567ec2045609ad
NeoBundleLock neocomplete.vim 035313d0b561db521cd7ba1ebbe88528850ba559
NeoBundleLock neomru.vim e317db0bb40fddc569a3d71d5ed3acb1df4e2da0
NeoBundleLock neosnippet 52f8a2948957018572760837c165113dbb450e2b
NeoBundleLock neosnippet-snippets 048a11d69748d8f9571d6f912588488a064e727c
NeoBundleLock quickfixstatus fd3875b914fc51bbefefa8c4995588c088163053
NeoBundleLock seoul256.vim ca2499b0d673c7421a2b3b90e98b570cd0c41edc
NeoBundleLock shabadou.vim c5af30bb0c028d53cfd89e00cab636c844034a9a
NeoBundleLock sudo.vim 060f0250d6f399d1cf9b15eaad3d55b3fbad4b0d
NeoBundleLock swift.vim 7d7c6e33ba752ff8eb860cfc73b5dee57c3e15f0
NeoBundleLock tabpagebuffer.vim 4d95c3e6fa5ad887498f4cbe486c11e39d4a1fbc
NeoBundleLock tap-vim b6387d4ecfc193029710ac7c39ec699ede2b1d1a
NeoBundleLock taskpaper.vim 2df291f7f40ef049d0a60151c66f11fa21b01e1c
NeoBundleLock text-microtemplate e3d9bb565a99dc09285efa7d4b75f2afc2805821
NeoBundleLock tsuquyomi 680028cf79d82a34fd680f669fc7ac4ffcb6b7c7
NeoBundleLock typescript-vim fa1efac6ce022fc307836d34828c6aff43481233
NeoBundleLock unite-colorscheme 3aa33866a183f7659594a3f6b66b2334eaebc6a0
NeoBundleLock unite-ghq 6851fe9f8c71ba9535ffc061535ab87c29552a10
NeoBundleLock unite-haddock a2ed7259c83b405b275148f1d24d34d5a30e7ab0
NeoBundleLock unite-outline 766d921e859eb54a7ac7c45c4052df7121ea6347
NeoBundleLock unite-quickfix f9b8d5f95ff2536abca1e81bd67dc740e5ee24a6
NeoBundleLock unite.vim c9ce3b13c19352e3b791db227aa373c0b028d656
NeoBundleLock vim-alignta cb3d593c48d7d3aef829b5aff49ddade24417a9f
NeoBundleLock vim-andon 83484554d01141f0f06c0a0b87abdcc9f3dd976f
NeoBundleLock vim-anzu f8ba72aa0c50958a747b7cb3c36be1a26b696b0e
NeoBundleLock vim-color-splatoon 0eb784254a7db93c0cc3404336635b5283916029
NeoBundleLock vim-colors-solarized 528a59f26d12278698bb946f8fb82a63711eec21
NeoBundleLock vim-css3-syntax 0d54d6319f82aa077d5da0b19a41fd8ef198da42
NeoBundleLock vim-fish 825853f4816a07e59ea2ecee1190ab6a5d9ef991
NeoBundleLock vim-fugitive fd36aa9c61e06d71befdbe8931f97137c489b065
NeoBundleLock vim-haskell-indent f86c347ced032919eafe225522f036df15291c4c
NeoBundleLock vim-hier 0b8c365263551a67404ebd7e528c55e17c1d3de7
NeoBundleLock vim-javascript 1d8c2677d26d6b3950b90dc1636e63334c8efc3b
NeoBundleLock vim-less 6fae407f7ed666a6dd0fb596e67df8787dccca59
NeoBundleLock vim-localrc e2cc8a661bb3f3215fddf58549913c5115f585bd
NeoBundleLock vim-magica-colors 7306904b9041745d40180a5e2492ada005be43f5
NeoBundleLock vim-markdown 10073c3a3c363c34681c2e37ae29e9675e2cde90
NeoBundleLock vim-material-theme de3d65afd0739f79f38a209418a4a70dafa923cb
NeoBundleLock vim-mustache-handlebars d1c983f3dd9a159c128c5192062caf7d47fd0f14
NeoBundleLock vim-operator-comment 01d6d7780628c434cb0fa49d29509db1da3728a3
NeoBundleLock vim-operator-flashy eebaab6fd9048669dbabe988964af566f5a19b1c
NeoBundleLock vim-operator-surround 4a9fb4f73672d0980c62b36bf3a4920aef4ae063
NeoBundleLock vim-operator-user c3dfd41c1ed516b4b901c97562e644de62c367aa
NeoBundleLock vim-pasta 45900f1ca09cf588856ea375b95cb0618f58ee27
NeoBundleLock vim-perl 2cef2074b423e88d981bad60496dd0f1a1d5ecf9
NeoBundleLock vim-quickhl 239d9edf6d2d250b4be2511a15fcec077e10314f
NeoBundleLock vim-quickrun da5328d0aec495e4dc25232fd769a8a2e56d8f7d
NeoBundleLock vim-ref 007b0ac409100cf2b83eb7dace5c8235e3737fef
NeoBundleLock vim-ruby 72f8b21856bac46b7b1a19194f5a3aa1006346bb
NeoBundleLock vim-scala 7dff00088bde224124f6f03235f06c565372623c
NeoBundleLock vim-scalaConceal e47ef05f8f8531362c590beaf7f2caf4d79e2d7f
NeoBundleLock vim-scheakur e7e229250a5ade8085528934b2edc12d13dee66f
NeoBundleLock vim-signjk-motion b4e406549f34e8c75867f343bf9a9ae03104d1a7
NeoBundleLock vim-slim 0daaa8581f9a9968cebbc7d14ae9acf1625c0389
NeoBundleLock vim-smartchr faa0378c7888274667e9da1c9723f3cc01bf0afb
NeoBundleLock vim-smartinput 78ab4b3df24fa2753d3dfc1be75ed5a3df1565b8
NeoBundleLock vim-textobj-delimited 77891936cbe1688c515885ee70312bd9c812a5b6
NeoBundleLock vim-textobj-indent deb76867c302f933c8f21753806cbf2d8461b548
NeoBundleLock vim-textobj-line 0a78169a33c7ea7718b9fa0fad63c11c04727291
NeoBundleLock vim-textobj-user a3054162c09bcf732624f43ddacbd85dad09713b
NeoBundleLock vim-toml f6f79f3cc6740dfacca73a195857cbc45e778912
NeoBundleLock vim-unite-history 73c766a4dcaa52a1c0306aad81403dc4457c1776
NeoBundleLock vim-watchdogs ebcf3df39007aa5d65910f44eb20c9caea9007df
NeoBundleLock vimdoc-ja ead6d676bbdefe2ba5e194c3693cefb04b4567a5
NeoBundleLock vimproc aa075b9b56839e1adb08421d2e9837f90e59acad
NeoBundleLock xslate-vim e6eff89c4f41c61171e7debacad69e13ebb95b4c
